// !$*UTF8*$!
{
	archiveVersion = 1;
	classes = {
	};
	objectVersion = 46;
	objects = {

/* Begin PBXBuildFile section */
		F1E39D3F1CE01CE500D71E6E /* AppDelegate.swift in Sources */ = {isa = PBXBuildFile; fileRef = F1E39D3E1CE01CE500D71E6E /* AppDelegate.swift */; };
		F1E39D411CE01CE500D71E6E /* ViewController.swift in Sources */ = {isa = PBXBuildFile; fileRef = F1E39D401CE01CE500D71E6E /* ViewController.swift */; };
		F1E39D441CE01CE500D71E6E /* Main.storyboard in Resources */ = {isa = PBXBuildFile; fileRef = F1E39D421CE01CE500D71E6E /* Main.storyboard */; };
		F1E39D461CE01CE500D71E6E /* Assets.xcassets in Resources */ = {isa = PBXBuildFile; fileRef = F1E39D451CE01CE500D71E6E /* Assets.xcassets */; };
		F1E39D491CE01CE500D71E6E /* LaunchScreen.storyboard in Resources */ = {isa = PBXBuildFile; fileRef = F1E39D471CE01CE500D71E6E /* LaunchScreen.storyboard */; };
		F1E39D511CE01E0800D71E6E /* MyCellView.swift in Sources */ = {isa = PBXBuildFile; fileRef = F1E39D501CE01E0800D71E6E /* MyCellView.swift */; };
/* End PBXBuildFile section */

/* Begin PBXFileReference section */
		F1E39D3B1CE01CE500D71E6E /* BatchUpdateACollectionView.app */ = {isa = PBXFileReference; explicitFileType = wrapper.application; includeInIndex = 0; path = BatchUpdateACollectionView.app; sourceTree = BUILT_PRODUCTS_DIR; };
		F1E39D3E1CE01CE500D71E6E /* AppDelegate.swift */ = {isa = PBXFileReference; lastKnownFileType = sourcecode.swift; path = AppDelegate.swift; sourceTree = "<group>"; };
		F1E39D401CE01CE500D71E6E /* ViewController.swift */ = {isa = PBXFileReference; lastKnownFileType = sourcecode.swift; path = ViewController.swift; sourceTree = "<group>"; };
		F1E39D431CE01CE500D71E6E /* Base */ = {isa = PBXFileReference; lastKnownFileType = file.storyboard; name = Base; path = Base.lproj/Main.storyboard; sourceTree = "<group>"; };
		F1E39D451CE01CE500D71E6E /* Assets.xcassets */ = {isa = PBXFileReference; lastKnownFileType = folder.assetcatalog; path = Assets.xcassets; sourceTree = "<group>"; };
		F1E39D481CE01CE500D71E6E /* Base */ = {isa = PBXFileReference; lastKnownFileType = file.storyboard; name = Base; path = Base.lproj/LaunchScreen.storyboard; sourceTree = "<group>"; };
		F1E39D4A1CE01CE500D71E6E /* Info.plist */ = {isa = PBXFileReference; lastKnownFileType = text.plist.xml; path = Info.plist; sourceTree = "<group>"; };
		F1E39D501CE01E0800D71E6E /* MyCellView.swift */ = {isa = PBXFileReference; fileEncoding = 4; lastKnownFileType = sourcecode.swift; path = MyCellView.swift; sourceTree = "<group>"; };
/* End PBXFileReference section */

/* Begin PBXFrameworksBuildPhase section */
		F1E39D381CE01CE500D71E6E /* Frameworks */ = {
			isa = PBXFrameworksBuildPhase;
			buildActionMask = 2147483647;
			files = (
			);
			runOnlyForDeploymentPostprocessing = 0;
		};
/* End PBXFrameworksBuildPhase section */

/* Begin PBXGroup section */
		F1E39D321CE01CE500D71E6E = {
			isa = PBXGroup;
			children = (
				F1E39D3D1CE01CE500D71E6E /* BatchUpdateACollectionView */,
				F1E39D3C1CE01CE500D71E6E /* Products */,
			);
			sourceTree = "<group>";
		};
		F1E39D3C1CE01CE500D71E6E /* Products */ = {
			isa = PBXGroup;
			children = (
				F1E39D3B1CE01CE500D71E6E /* BatchUpdateACollectionView.app */,
			);
			name = Products;
			sourceTree = "<group>";
		};
		F1E39D3D1CE01CE500D71E6E /* BatchUpdateACollectionView */ = {
			isa = PBXGroup;
			children = (
				F1E39D3E1CE01CE500D71E6E /* AppDelegate.swift */,
				F1E39D401CE01CE500D71E6E /* ViewController.swift */,
				F1E39D501CE01E0800D71E6E /* MyCellView.swift */,
				F1E39D421CE01CE500D71E6E /* Main.storyboard */,
				F1E39D451CE01CE500D71E6E /* Assets.xcassets */,
				F1E39D471CE01CE500D71E6E /* LaunchScreen.storyboard */,
				F1E39D4A1CE01CE500D71E6E /* Info.plist */,
			);
			path = BatchUpdateACollectionView;
			sourceTree = "<group>";
		};
/* End PBXGroup section */

/* Begin PBXNativeTarget section */
		F1E39D3A1CE01CE500D71E6E /* BatchUpdateACollectionView */ = {
			isa = PBXNativeTarget;
			buildConfigurationList = F1E39D4D1CE01CE500D71E6E /* Build configuration list for PBXNativeTarget "BatchUpdateACollectionView" */;
			buildPhases = (
				F1E39D371CE01CE500D71E6E /* Sources */,
				F1E39D381CE01CE500D71E6E /* Frameworks */,
				F1E39D391CE01CE500D71E6E /* Resources */,
			);
			buildRules = (
			);
			dependencies = (
			);
			name = BatchUpdateACollectionView;
			productName = BatchUpdateACollectionView;
			productReference = F1E39D3B1CE01CE500D71E6E /* BatchUpdateACollectionView.app */;
			productType = "com.apple.product-type.application";
		};
/* End PBXNativeTarget section */

/* Begin PBXProject section */
		F1E39D331CE01CE500D71E6E /* Project object */ = {
			isa = PBXProject;
			attributes = {
				LastSwiftUpdateCheck = 0730;
				LastUpgradeCheck = 0730;
				ORGANIZATIONNAME = "Jerry Yu";
				TargetAttributes = {
					F1E39D3A1CE01CE500D71E6E = {
						CreatedOnToolsVersion = 7.3.1;
						DevelopmentTeam = EP5H87BTMG;
					};
				};
			};
			buildConfigurationList = F1E39D361CE01CE500D71E6E /* Build configuration list for PBXProject "BatchUpdateACollectionView" */;
			compatibilityVersion = "Xcode 3.2";
			developmentRegion = English;
			hasScannedForEncodings = 0;
			knownRegions = (
				en,
				Base,
			);
			mainGroup = F1E39D321CE01CE500D71E6E;
			productRefGroup = F1E39D3C1CE01CE500D71E6E /* Products */;
			projectDirPath = "";
			projectRoot = "";
			targets = (
				F1E39D3A1CE01CE500D71E6E /* BatchUpdateACollectionView */,
			);
		};
/* End PBXProject section */

/* Begin PBXResourcesBuildPhase section */
		F1E39D391CE01CE500D71E6E /* Resources */ = {
			isa = PBXResourcesBuildPhase;
			buildActionMask = 2147483647;
			files = (
				F1E39D491CE01CE500D71E6E /* LaunchScreen.storyboard in Resources */,
				F1E39D461CE01CE500D71E6E /* Assets.xcassets in Resources */,
				F1E39D441CE01CE500D71E6E /* Main.storyboard in Resources */,
			);
			runOnlyForDeploymentPostprocessing = 0;
		};
/* End PBXResourcesBuildPhase section */

/* Begin PBXSourcesBuildPhase section */
		F1E39D371CE01CE500D71E6E /* Sources */ = {
			isa = PBXSourcesBuildPhase;
			buildActionMask = 2147483647;
			files = (
				F1E39D511CE01E0800D71E6E /* MyCellView.swift in Sources */,
				F1E39D411CE01CE500D71E6E /* ViewController.swift in Sources */,
				F1E39D3F1CE01CE500D71E6E /* AppDelegate.swift in Sources */,
			);
			runOnlyForDeploymentPostprocessing = 0;
		};
/* End PBXSourcesBuildPhase section */

/* Begin PBXVariantGroup section */
		F1E39D421CE01CE500D71E6E /* Main.storyboard */ = {
			isa = PBXVariantGroup;
			children = (
				F1E39D431CE01CE500D71E6E /* Base */,
			);
			name = Main.storyboard;
			sourceTree = "<group>";
		};
		F1E39D471CE01CE500D71E6E /* LaunchScreen.storyboard */ = {
			isa = PBXVariantGroup;
			children = (
				F1E39D481CE01CE500D71E6E /* Base */,
			);
			name = LaunchScreen.storyboard;
			sourceTree = "<group>";
		};
/* End PBXVariantGroup section */

/* Begin XCBuildConfiguration section */
		F1E39D4B1CE01CE500D71E6E /* Debug */ = {
			isa = XCBuildConfiguration;
			buildSettings = {
				ALWAYS_SEARCH_USER_PATHS = NO;
				CLANG_ANALYZER_NONNULL = YES;
				CLANG_CXX_LANGUAGE_STANDARD = "gnu++0x";
				CLANG_CXX_LIBRARY = "libc++";
				CLANG_ENABLE_MODULES = YES;
				CLANG_ENABLE_OBJC_ARC = YES;
				CLANG_WARN_BOOL_CONVERSION = YES;
				CLANG_WARN_CONSTANT_CONVERSION = YES;
				CLANG_WARN_DIRECT_OBJC_ISA_USAGE = YES_ERROR;
				CLANG_WARN_EMPTY_BODY = YES;
				CLANG_WARN_ENUM_CONVERSION = YES;
				CLANG_WARN_INT_CONVERSION = YES;
				CLANG_WARN_OBJC_ROOT_CLASS = YES_ERROR;
				CLANG_WARN_UNREACHABLE_CODE = YES;
				CLANG_WARN__DUPLICATE_METHOD_MATCH = YES;
				"CODE_SIGN_IDENTITY[sdk=iphoneos*]" = "iPhone Developer";
				COPY_PHASE_STRIP = NO;
				DEBUG_INFORMATION_FORMAT = dwarf;
				ENABLE_STRICT_OBJC_MSGSEND = YES;
				ENABLE_TESTABILITY = YES;
				GCC_C_LANGUAGE_STANDARD = gnu99;
				GCC_DYNAMIC_NO_PIC = NO;
				GCC_NO_COMMON_BLOCKS = YES;
				GCC_OPTIMIZATION_LEVEL = 0;
				GCC_PREPROCESSOR_DEFINITIONS = (
					"DEBUG=1",
					"$(inherited)",
				);
				GCC_WARN_64_TO_32_BIT_CONVERSION = YES;
				GCC_WARN_ABOUT_RETURN_TYPE = YES_ERROR;
				GCC_WARN_UNDECLARED_SELECTOR = YES;
				GCC_WARN_UNINITIALIZED_AUTOS = YES_AGGRESSIVE;
				GCC_WARN_UNUSED_FUNCTION = YES;
				GCC_WARN_UNUSED_VARIABLE = YES;
				IPHONEOS_DEPLOYMENT_TARGET = 9.3;
				MTL_ENABLE_DEBUG_INFO = YES;
				ONLY_ACTIVE_ARCH = YES;
				SDKROOT = iphoneos;
				SWIFT_OPTIMIZATION_LEVEL = "-Onone";
			};
			name = Debug;
		};
		F1E39D4C1CE01CE500D71E6E /* Release */ = {
			isa = XCBuildConfiguration;
			buildSettings = {
				ALWAYS_SEARCH_USER_PATHS = NO;
				CLANG_ANALYZER_NONNULL = YES;
				CLANG_CXX_LANGUAGE_STANDARD = "gnu++0x";
				CLANG_CXX_LIBRARY = "libc++";
				CLANG_ENABLE_MODULES = YES;
				CLANG_ENABLE_OBJC_ARC = YES;
				CLANG_WARN_BOOL_CONVERSION = YES;
				CLANG_WARN_CONSTANT_CONVERSION = YES;
				CLANG_WARN_DIRECT_OBJC_ISA_USAGE = YES_ERROR;
				CLANG_WARN_EMPTY_BODY = YES;
				CLANG_WARN_ENUM_CONVERSION = YES;
				CLANG_WARN_INT_CONVERSION = YES;
				CLANG_WARN_OBJC_ROOT_CLASS = YES_ERROR;
				CLANG_WARN_UNREACHABLE_CODE = YES;
				CLANG_WARN__DUPLICATE_METHOD_MATCH = YES;
				"CODE_SIGN_IDENTITY[sdk=iphoneos*]" = "iPhone Developer";
				COPY_PHASE_STRIP = NO;
				DEBUG_INFORMATION_FORMAT = "dwarf-with-dsym";
				ENABLE_NS_ASSERTIONS = NO;
				ENABLE_STRICT_OBJC_MSGSEND = YES;
				GCC_C_LANGUAGE_STANDARD = gnu99;
				GCC_NO_COMMON_BLOCKS = YES;
				GCC_WARN_64_TO_32_BIT_CONVERSION = YES;
				GCC_WARN_ABOUT_RETURN_TYPE = YES_ERROR;
				GCC_WARN_UNDECLARED_SELECTOR = YES;
				GCC_WARN_UNINITIALIZED_AUTOS = YES_AGGRESSIVE;
				GCC_WARN_UNUSED_FUNCTION = YES;
				GCC_WARN_UNUSED_VARIABLE = YES;
				IPHONEOS_DEPLOYMENT_TARGET = 9.3;
				MTL_ENABLE_DEBUG_INFO = NO;
				SDKROOT = iphoneos;
				VALIDATE_PRODUCT = YES;
			};
			name = Release;
		};
		F1E39D4E1CE01CE500D71E6E /* Debug */ = {
			isa = XCBuildConfiguration;
			buildSettings = {
				ASSETCATALOG_COMPILER_APPICON_NAME = AppIcon;
				CODE_SIGN_IDENTITY = "iPhone Developer";
				"CODE_SIGN_IDENTITY[sdk=iphoneos*]" = "iPhone Developer";
				INFOPLIST_FILE = BatchUpdateACollectionView/Info.plist;
				LD_RUNPATH_SEARCH_PATHS = "$(inherited) @executable_path/Frameworks";
				PRODUCT_BUNDLE_IDENTIFIER = ca.jerryyu.BatchUpdateACollectionViewDemo;
				PRODUCT_NAME = "$(TARGET_NAME)";
				PROVISIONING_PROFILE = "";
			};
			name = Debug;
		};
		F1E39D4F1CE01CE500D71E6E /* Release */ = {
			isa = XCBuildConfiguration;
			buildSettings = {
				ASSETCATALOG_COMPILER_APPICON_NAME = AppIcon;
				CODE_SIGN_IDENTITY = "iPhone Developer";
				"CODE_SIGN_IDENTITY[sdk=iphoneos*]" = "iPhone Developer";
				INFOPLIST_FILE = BatchUpdateACollectionView/Info.plist;
				LD_RUNPATH_SEARCH_PATHS = "$(inherited) @executable_path/Frameworks";
				PRODUCT_BUNDLE_IDENTIFIER = ca.jerryyu.BatchUpdateACollectionViewDemo;
				PRODUCT_NAME = "$(TARGET_NAME)";
				PROVISIONING_PROFILE = "";
			};
			name = Release;
		};
/* End XCBuildConfiguration section */

/* Begin XCConfigurationList section */
		F1E39D361CE01CE500D71E6E /* Build configuration list for PBXProject "BatchUpdateACollectionView" */ = {
			isa = XCConfigurationList;
			buildConfigurations = (
				F1E39D4B1CE01CE500D71E6E /* Debug */,
				F1E39D4C1CE01CE500D71E6E /* Release */,
			);
			defaultConfigurationIsVisible = 0;
			defaultConfigurationName = Release;
		};
		F1E39D4D1CE01CE500D71E6E /* Build configuration list for PBXNativeTarget "BatchUpdateACollectionView" */ = {
			isa = XCConfigurationList;
			buildConfigurations = (
				F1E39D4E1CE01CE500D71E6E /* Debug */,
				F1E39D4F1CE01CE500D71E6E /* Release */,
			);
			defaultConfigurationIsVisible = 0;
			defaultConfigurationName = Release;
		};
/* End XCConfigurationList section */
	};
	rootObject = F1E39D331CE01CE500D71E6E /* Project object */;
}
